
Microsoft Visual Studio Solution File, Format Version 12.00
# Visual Studio Version 16
VisualStudioVersion = 16.0.32126.315
MinimumVisualStudioVersion = 10.0.40219.1
Project("{FAE04EC0-301F-11D3-BF4B-00C04F79EFBC}") = "Client", "Bai1\Client.csproj", "{F53AE7C0-988F-470E-8282-DD4AD15E1F9A}"
EndProject
Project("{FAE04EC0-301F-11D3-BF4B-00C04F79EFBC}") = "Server", "Server\Server.csproj", "{371ED7C2-E061-462E-9BB1-F2BB5DC508CA}"
EndProject
Global
	GlobalSection(SolutionConfigurationPlatforms) = preSolution
		Debug|Any CPU = Debug|Any CPU
		Release|Any CPU = Release|Any CPU
	EndGlobalSection
	GlobalSection(ProjectConfigurationPlatforms) = postSolution
		{F53AE7C0-988F-470E-8282-DD4AD15E1F9A}.Debug|Any CPU.ActiveCfg = Debug|Any CPU
		{F53AE7C0-988F-470E-8282-DD4AD15E1F9A}.Debug|Any CPU.Build.0 = Debug|Any CPU
		{F53AE7C0-988F-470E-8282-DD4AD15E1F9A}.Release|Any CPU.ActiveCfg = Release|Any CPU
		{F53AE7C0-988F-470E-8282-DD4AD15E1F9A}.Release|Any CPU.Build.0 = Release|Any CPU
		{371ED7C2-E061-462E-9BB1-F2BB5DC508CA}.Debug|Any CPU.ActiveCfg = Debug|Any CPU
		{371ED7C2-E061-462E-9BB1-F2BB5DC508CA}.Debug|Any CPU.Build.0 = Debug|Any CPU
		{371ED7C2-E061-462E-9BB1-F2BB5DC508CA}.Release|Any CPU.ActiveCfg = Release|Any CPU
		{371ED7C2-E061-462E-9BB1-F2BB5DC508CA}.Release|Any CPU.Build.0 = Release|Any CPU
	EndGlobalSection
	GlobalSection(SolutionProperties) = preSolution
		HideSolutionNode = FALSE
	EndGlobalSection
	GlobalSection(ExtensibilityGlobals) = postSolution
		SolutionGuid = {A65D6842-D9AD-476E-A9F0-1624381E612F}
	EndGlobalSection
EndGlobal
